// !$*UTF8*$!
{
	archiveVersion = 1;
	classes = {
	};
	objectVersion = 48;
	objects = {

/* Begin PBXBuildFile section */
		2B98BE541FCE288E00142B61 /* Constants.swift in Sources */ = {isa = PBXBuildFile; fileRef = 2B98BE531FCE288E00142B61 /* Constants.swift */; };
		2BA9027C1FCBBB4600774445 /* NVActivityIndicatorView.framework in Frameworks */ = {isa = PBXBuildFile; fileRef = 2BA9027B1FCBBB4600774445 /* NVActivityIndicatorView.framework */; };
		2BF32F311FCBB71A0071B87A /* Alamofire.framework in Frameworks */ = {isa = PBXBuildFile; fileRef = 2BF32F2F1FCBB71A0071B87A /* Alamofire.framework */; };
		2BF32F321FCBB71A0071B87A /* AlamofireImage.framework in Frameworks */ = {isa = PBXBuildFile; fileRef = 2BF32F301FCBB71A0071B87A /* AlamofireImage.framework */; };
		2BF363931FC62964002BB67A /* StarWarsViewModel.swift in Sources */ = {isa = PBXBuildFile; fileRef = 2BF363921FC62964002BB67A /* StarWarsViewModel.swift */; };
		2BF363951FC642CC002BB67A /* StarWarsDataManager.swift in Sources */ = {isa = PBXBuildFile; fileRef = 2BF363941FC642CC002BB67A /* StarWarsDataManager.swift */; };
		2BF3639B1FC66BCE002BB67A /* FilmMenuViewController.swift in Sources */ = {isa = PBXBuildFile; fileRef = 2BF363991FC66BCE002BB67A /* FilmMenuViewController.swift */; };
		2BF3639C1FC66BCE002BB67A /* FilmMenuViewController.xib in Resources */ = {isa = PBXBuildFile; fileRef = 2BF3639A1FC66BCE002BB67A /* FilmMenuViewController.xib */; };
		2BF3639F1FC66BD8002BB67A /* PersonMenuViewController.swift in Sources */ = {isa = PBXBuildFile; fileRef = 2BF3639D1FC66BD8002BB67A /* PersonMenuViewController.swift */; };
		2BF363A01FC66BD8002BB67A /* PersonMenuViewController.xib in Resources */ = {isa = PBXBuildFile; fileRef = 2BF3639E1FC66BD8002BB67A /* PersonMenuViewController.xib */; };
		2BF363A31FC675F6002BB67A /* FilmDetailViewModel.swift in Sources */ = {isa = PBXBuildFile; fileRef = 2BF363A21FC675F6002BB67A /* FilmDetailViewModel.swift */; };
		2BF363A61FC67E58002BB67A /* PersonDetailViewModel.swift in Sources */ = {isa = PBXBuildFile; fileRef = 2BF363A51FC67E58002BB67A /* PersonDetailViewModel.swift */; };
		2BF363A91FC68616002BB67A /* FilmDetailViewController.swift in Sources */ = {isa = PBXBuildFile; fileRef = 2BF363A71FC68616002BB67A /* FilmDetailViewController.swift */; };
		2BF363AA1FC68616002BB67A /* FilmDetailViewController.xib in Resources */ = {isa = PBXBuildFile; fileRef = 2BF363A81FC68616002BB67A /* FilmDetailViewController.xib */; };
		2BF363B81FC77EA7002BB67A /* PersonDetailViewController.swift in Sources */ = {isa = PBXBuildFile; fileRef = 2BF363B61FC77EA7002BB67A /* PersonDetailViewController.swift */; };
		2BF363B91FC77EA7002BB67A /* PersonDetailViewController.xib in Resources */ = {isa = PBXBuildFile; fileRef = 2BF363B71FC77EA7002BB67A /* PersonDetailViewController.xib */; };
		2BF363C01FCB8458002BB67A /* StarWarsOptionsViewController.xib in Resources */ = {isa = PBXBuildFile; fileRef = 2BF363BF1FCB8457002BB67A /* StarWarsOptionsViewController.xib */; };
		2BFCEEE11FC3D6C000480578 /* AppDelegate.swift in Sources */ = {isa = PBXBuildFile; fileRef = 2BFCEEE01FC3D6C000480578 /* AppDelegate.swift */; };
		2BFCEEE31FC3D6C000480578 /* StarWarsMainViewController.swift in Sources */ = {isa = PBXBuildFile; fileRef = 2BFCEEE21FC3D6C000480578 /* StarWarsMainViewController.swift */; };
		2BFCEEE61FC3D6C000480578 /* Main.storyboard in Resources */ = {isa = PBXBuildFile; fileRef = 2BFCEEE41FC3D6C000480578 /* Main.storyboard */; };
		2BFCEEE81FC3D6C000480578 /* Assets.xcassets in Resources */ = {isa = PBXBuildFile; fileRef = 2BFCEEE71FC3D6C000480578 /* Assets.xcassets */; };
		2BFCEEEB1FC3D6C000480578 /* LaunchScreen.storyboard in Resources */ = {isa = PBXBuildFile; fileRef = 2BFCEEE91FC3D6C000480578 /* LaunchScreen.storyboard */; };
		2BFCEEF61FC3D6C000480578 /* StarWarsPracticeTests.swift in Sources */ = {isa = PBXBuildFile; fileRef = 2BFCEEF51FC3D6C000480578 /* StarWarsPracticeTests.swift */; };
		2BFCEF011FC3D6C000480578 /* StarWarsPracticeUITests.swift in Sources */ = {isa = PBXBuildFile; fileRef = 2BFCEF001FC3D6C000480578 /* StarWarsPracticeUITests.swift */; };
		2BFCEF131FC3E90500480578 /* StarWarsOptionsViewController.swift in Sources */ = {isa = PBXBuildFile; fileRef = 2BFCEF121FC3E90500480578 /* StarWarsOptionsViewController.swift */; };
		2BFCEF151FC4E14600480578 /* Film.swift in Sources */ = {isa = PBXBuildFile; fileRef = 2BFCEF141FC4E14600480578 /* Film.swift */; };
		2BFCEF171FC4E27100480578 /* Person.swift in Sources */ = {isa = PBXBuildFile; fileRef = 2BFCEF161FC4E27100480578 /* Person.swift */; };
		2BFCEF211FC4F90C00480578 /* PersonMenuViewModel.swift in Sources */ = {isa = PBXBuildFile; fileRef = 2BFCEF201FC4F90C00480578 /* PersonMenuViewModel.swift */; };
		2BFCEF231FC51DD100480578 /* FilmMenuViewModel.swift in Sources */ = {isa = PBXBuildFile; fileRef = 2BFCEF221FC51DD100480578 /* FilmMenuViewModel.swift */; };
		8834385D781F99236E4877A5 /* Pods_StarWarsPracticeUITests.framework in Frameworks */ = {isa = PBXBuildFile; fileRef = E6E890EFCE2038F3DB9820B1 /* Pods_StarWarsPracticeUITests.framework */; };
		D931365C214A56A4CAF54261 /* Pods_StarWarsPracticeTests.framework in Frameworks */ = {isa = PBXBuildFile; fileRef = 2CFE315302E12DE654A382D2 /* Pods_StarWarsPracticeTests.framework */; };
/* End PBXBuildFile section */

/* Begin PBXContainerItemProxy section */
		2BFCEEF21FC3D6C000480578 /* PBXContainerItemProxy */ = {
			isa = PBXContainerItemProxy;
			containerPortal = 2BFCEED51FC3D6C000480578 /* Project object */;
			proxyType = 1;
			remoteGlobalIDString = 2BFCEEDC1FC3D6C000480578;
			remoteInfo = StarWarsPractice;
		};
		2BFCEEFD1FC3D6C000480578 /* PBXContainerItemProxy */ = {
			isa = PBXContainerItemProxy;
			containerPortal = 2BFCEED51FC3D6C000480578 /* Project object */;
			proxyType = 1;
			remoteGlobalIDString = 2BFCEEDC1FC3D6C000480578;
			remoteInfo = StarWarsPractice;
		};
/* End PBXContainerItemProxy section */

/* Begin PBXFileReference section */
		05849D4ABB1805697F0D76BB /* Pods-StarWarsPracticeUITests.debug.xcconfig */ = {isa = PBXFileReference; includeInIndex = 1; lastKnownFileType = text.xcconfig; name = "Pods-StarWarsPracticeUITests.debug.xcconfig"; path = "Pods/Target Support Files/Pods-StarWarsPracticeUITests/Pods-StarWarsPracticeUITests.debug.xcconfig"; sourceTree = "<group>"; };
		2B98BE531FCE288E00142B61 /* Constants.swift */ = {isa = PBXFileReference; lastKnownFileType = sourcecode.swift; path = Constants.swift; sourceTree = "<group>"; };
		2BA9027B1FCBBB4600774445 /* NVActivityIndicatorView.framework */ = {isa = PBXFileReference; lastKnownFileType = wrapper.framework; name = NVActivityIndicatorView.framework; path = Carthage/Build/iOS/NVActivityIndicatorView.framework; sourceTree = "<group>"; };
		2BF32F2F1FCBB71A0071B87A /* Alamofire.framework */ = {isa = PBXFileReference; lastKnownFileType = wrapper.framework; name = Alamofire.framework; path = Carthage/Build/iOS/Alamofire.framework; sourceTree = "<group>"; };
		2BF32F301FCBB71A0071B87A /* AlamofireImage.framework */ = {isa = PBXFileReference; lastKnownFileType = wrapper.framework; name = AlamofireImage.framework; path = Carthage/Build/iOS/AlamofireImage.framework; sourceTree = "<group>"; };
		2BF363921FC62964002BB67A /* StarWarsViewModel.swift */ = {isa = PBXFileReference; lastKnownFileType = sourcecode.swift; path = StarWarsViewModel.swift; sourceTree = "<group>"; };
		2BF363941FC642CC002BB67A /* StarWarsDataManager.swift */ = {isa = PBXFileReference; lastKnownFileType = sourcecode.swift; path = StarWarsDataManager.swift; sourceTree = "<group>"; };
		2BF363991FC66BCE002BB67A /* FilmMenuViewController.swift */ = {isa = PBXFileReference; lastKnownFileType = sourcecode.swift; path = FilmMenuViewController.swift; sourceTree = "<group>"; };
		2BF3639A1FC66BCE002BB67A /* FilmMenuViewController.xib */ = {isa = PBXFileReference; lastKnownFileType = file.xib; path = FilmMenuViewController.xib; sourceTree = "<group>"; };
		2BF3639D1FC66BD8002BB67A /* PersonMenuViewController.swift */ = {isa = PBXFileReference; lastKnownFileType = sourcecode.swift; path = PersonMenuViewController.swift; sourceTree = "<group>"; };
		2BF3639E1FC66BD8002BB67A /* PersonMenuViewController.xib */ = {isa = PBXFileReference; lastKnownFileType = file.xib; path = PersonMenuViewController.xib; sourceTree = "<group>"; };
		2BF363A21FC675F6002BB67A /* FilmDetailViewModel.swift */ = {isa = PBXFileReference; lastKnownFileType = sourcecode.swift; path = FilmDetailViewModel.swift; sourceTree = "<group>"; };
		2BF363A51FC67E58002BB67A /* PersonDetailViewModel.swift */ = {isa = PBXFileReference; lastKnownFileType = sourcecode.swift; path = PersonDetailViewModel.swift; sourceTree = "<group>"; };
		2BF363A71FC68616002BB67A /* FilmDetailViewController.swift */ = {isa = PBXFileReference; lastKnownFileType = sourcecode.swift; path = FilmDetailViewController.swift; sourceTree = "<group>"; };
		2BF363A81FC68616002BB67A /* FilmDetailViewController.xib */ = {isa = PBXFileReference; lastKnownFileType = file.xib; path = FilmDetailViewController.xib; sourceTree = "<group>"; };
		2BF363B61FC77EA7002BB67A /* PersonDetailViewController.swift */ = {isa = PBXFileReference; lastKnownFileType = sourcecode.swift; path = PersonDetailViewController.swift; sourceTree = "<group>"; };
		2BF363B71FC77EA7002BB67A /* PersonDetailViewController.xib */ = {isa = PBXFileReference; lastKnownFileType = file.xib; path = PersonDetailViewController.xib; sourceTree = "<group>"; };
		2BF363BF1FCB8457002BB67A /* StarWarsOptionsViewController.xib */ = {isa = PBXFileReference; lastKnownFileType = file.xib; path = StarWarsOptionsViewController.xib; sourceTree = "<group>"; };
		2BFCEEDD1FC3D6C000480578 /* StarWarsPractice.app */ = {isa = PBXFileReference; explicitFileType = wrapper.application; includeInIndex = 0; path = StarWarsPractice.app; sourceTree = BUILT_PRODUCTS_DIR; };
		2BFCEEE01FC3D6C000480578 /* AppDelegate.swift */ = {isa = PBXFileReference; lastKnownFileType = sourcecode.swift; path = AppDelegate.swift; sourceTree = "<group>"; };
		2BFCEEE21FC3D6C000480578 /* StarWarsMainViewController.swift */ = {isa = PBXFileReference; lastKnownFileType = sourcecode.swift; path = StarWarsMainViewController.swift; sourceTree = "<group>"; };
		2BFCEEE51FC3D6C000480578 /* Base */ = {isa = PBXFileReference; lastKnownFileType = file.storyboard; name = Base; path = Base.lproj/Main.storyboard; sourceTree = "<group>"; };
		2BFCEEE71FC3D6C000480578 /* Assets.xcassets */ = {isa = PBXFileReference; lastKnownFileType = folder.assetcatalog; path = Assets.xcassets; sourceTree = "<group>"; };
		2BFCEEEA1FC3D6C000480578 /* Base */ = {isa = PBXFileReference; lastKnownFileType = file.storyboard; name = Base; path = Base.lproj/LaunchScreen.storyboard; sourceTree = "<group>"; };
		2BFCEEEC1FC3D6C000480578 /* Info.plist */ = {isa = PBXFileReference; lastKnownFileType = text.plist.xml; path = Info.plist; sourceTree = "<group>"; };
		2BFCEEF11FC3D6C000480578 /* StarWarsPracticeTests.xctest */ = {isa = PBXFileReference; explicitFileType = wrapper.cfbundle; includeInIndex = 0; path = StarWarsPracticeTests.xctest; sourceTree = BUILT_PRODUCTS_DIR; };
		2BFCEEF51FC3D6C000480578 /* StarWarsPracticeTests.swift */ = {isa = PBXFileReference; lastKnownFileType = sourcecode.swift; path = StarWarsPracticeTests.swift; sourceTree = "<group>"; };
		2BFCEEF71FC3D6C000480578 /* Info.plist */ = {isa = PBXFileReference; lastKnownFileType = text.plist.xml; path = Info.plist; sourceTree = "<group>"; };
		2BFCEEFC1FC3D6C000480578 /* StarWarsPracticeUITests.xctest */ = {isa = PBXFileReference; explicitFileType = wrapper.cfbundle; includeInIndex = 0; path = StarWarsPracticeUITests.xctest; sourceTree = BUILT_PRODUCTS_DIR; };
		2BFCEF001FC3D6C000480578 /* StarWarsPracticeUITests.swift */ = {isa = PBXFileReference; lastKnownFileType = sourcecode.swift; path = StarWarsPracticeUITests.swift; sourceTree = "<group>"; };
		2BFCEF021FC3D6C000480578 /* Info.plist */ = {isa = PBXFileReference; lastKnownFileType = text.plist.xml; path = Info.plist; sourceTree = "<group>"; };
		2BFCEF121FC3E90500480578 /* StarWarsOptionsViewController.swift */ = {isa = PBXFileReference; lastKnownFileType = sourcecode.swift; path = StarWarsOptionsViewController.swift; sourceTree = "<group>"; };
		2BFCEF141FC4E14600480578 /* Film.swift */ = {isa = PBXFileReference; lastKnownFileType = sourcecode.swift; path = Film.swift; sourceTree = "<group>"; };
		2BFCEF161FC4E27100480578 /* Person.swift */ = {isa = PBXFileReference; lastKnownFileType = sourcecode.swift; path = Person.swift; sourceTree = "<group>"; };
		2BFCEF201FC4F90C00480578 /* PersonMenuViewModel.swift */ = {isa = PBXFileReference; lastKnownFileType = sourcecode.swift; path = PersonMenuViewModel.swift; sourceTree = "<group>"; };
		2BFCEF221FC51DD100480578 /* FilmMenuViewModel.swift */ = {isa = PBXFileReference; lastKnownFileType = sourcecode.swift; path = FilmMenuViewModel.swift; sourceTree = "<group>"; };
		2CFE315302E12DE654A382D2 /* Pods_StarWarsPracticeTests.framework */ = {isa = PBXFileReference; explicitFileType = wrapper.framework; includeInIndex = 0; path = Pods_StarWarsPracticeTests.framework; sourceTree = BUILT_PRODUCTS_DIR; };
		3F128FC3DCA207CDEC5B8952 /* Pods-StarWarsPracticeTests.debug.xcconfig */ = {isa = PBXFileReference; includeInIndex = 1; lastKnownFileType = text.xcconfig; name = "Pods-StarWarsPracticeTests.debug.xcconfig"; path = "Pods/Target Support Files/Pods-StarWarsPracticeTests/Pods-StarWarsPracticeTests.debug.xcconfig"; sourceTree = "<group>"; };
		4884D55C5980E2BED920164C /* Pods_StarWarsPractice.framework */ = {isa = PBXFileReference; explicitFileType = wrapper.framework; includeInIndex = 0; path = Pods_StarWarsPractice.framework; sourceTree = BUILT_PRODUCTS_DIR; };
		670B19C67665472ED1B6D2B9 /* Pods-StarWarsPracticeTests.release.xcconfig */ = {isa = PBXFileReference; includeInIndex = 1; lastKnownFileType = text.xcconfig; name = "Pods-StarWarsPracticeTests.release.xcconfig"; path = "Pods/Target Support Files/Pods-StarWarsPracticeTests/Pods-StarWarsPracticeTests.release.xcconfig"; sourceTree = "<group>"; };
		C4CD81C119191C16502E081B /* Pods-StarWarsPractice.debug.xcconfig */ = {isa = PBXFileReference; includeInIndex = 1; lastKnownFileType = text.xcconfig; name = "Pods-StarWarsPractice.debug.xcconfig"; path = "Pods/Target Support Files/Pods-StarWarsPractice/Pods-StarWarsPractice.debug.xcconfig"; sourceTree = "<group>"; };
		DD825C682E08CDCBAE71FE08 /* Pods-StarWarsPractice.release.xcconfig */ = {isa = PBXFileReference; includeInIndex = 1; lastKnownFileType = text.xcconfig; name = "Pods-StarWarsPractice.release.xcconfig"; path = "Pods/Target Support Files/Pods-StarWarsPractice/Pods-StarWarsPractice.release.xcconfig"; sourceTree = "<group>"; };
		E6E890EFCE2038F3DB9820B1 /* Pods_StarWarsPracticeUITests.framework */ = {isa = PBXFileReference; explicitFileType = wrapper.framework; includeInIndex = 0; path = Pods_StarWarsPracticeUITests.framework; sourceTree = BUILT_PRODUCTS_DIR; };
		E9B09E26EA58A23DB8DF1435 /* Pods-StarWarsPracticeUITests.release.xcconfig */ = {isa = PBXFileReference; includeInIndex = 1; lastKnownFileType = text.xcconfig; name = "Pods-StarWarsPracticeUITests.release.xcconfig"; path = "Pods/Target Support Files/Pods-StarWarsPracticeUITests/Pods-StarWarsPracticeUITests.release.xcconfig"; sourceTree = "<group>"; };
/* End PBXFileReference section */

/* Begin PBXFrameworksBuildPhase section */
		2BFCEEDA1FC3D6C000480578 /* Frameworks */ = {
			isa = PBXFrameworksBuildPhase;
			buildActionMask = 2147483647;
			files = (
				2BF32F311FCBB71A0071B87A /* Alamofire.framework in Frameworks */,
				2BF32F321FCBB71A0071B87A /* AlamofireImage.framework in Frameworks */,
				2BA9027C1FCBBB4600774445 /* NVActivityIndicatorView.framework in Frameworks */,
			);
			runOnlyForDeploymentPostprocessing = 0;
		};
		2BFCEEEE1FC3D6C000480578 /* Frameworks */ = {
			isa = PBXFrameworksBuildPhase;
			buildActionMask = 2147483647;
			files = (
				D931365C214A56A4CAF54261 /* Pods_StarWarsPracticeTests.framework in Frameworks */,
			);
			runOnlyForDeploymentPostprocessing = 0;
		};
		2BFCEEF91FC3D6C000480578 /* Frameworks */ = {
			isa = PBXFrameworksBuildPhase;
			buildActionMask = 2147483647;
			files = (
				8834385D781F99236E4877A5 /* Pods_StarWarsPracticeUITests.framework in Frameworks */,
			);
			runOnlyForDeploymentPostprocessing = 0;
		};
/* End PBXFrameworksBuildPhase section */

/* Begin PBXGroup section */
		1500CDFD917F2C081706AD05 /* Frameworks */ = {
			isa = PBXGroup;
			children = (
				2BA9027B1FCBBB4600774445 /* NVActivityIndicatorView.framework */,
				2BF32F2F1FCBB71A0071B87A /* Alamofire.framework */,
				2BF32F301FCBB71A0071B87A /* AlamofireImage.framework */,
				4884D55C5980E2BED920164C /* Pods_StarWarsPractice.framework */,
				2CFE315302E12DE654A382D2 /* Pods_StarWarsPracticeTests.framework */,
				E6E890EFCE2038F3DB9820B1 /* Pods_StarWarsPracticeUITests.framework */,
			);
			name = Frameworks;
			sourceTree = "<group>";
		};
		2BF363961FC66A4A002BB67A /* ObjectViews */ = {
			isa = PBXGroup;
			children = (
				2BF363A11FC675E0002BB67A /* Film */,
				2BF363A41FC67E2F002BB67A /* Person */,
			);
			path = ObjectViews;
			sourceTree = "<group>";
		};
		2BF363A11FC675E0002BB67A /* Film */ = {
			isa = PBXGroup;
			children = (
				2BF363991FC66BCE002BB67A /* FilmMenuViewController.swift */,
				2BF3639A1FC66BCE002BB67A /* FilmMenuViewController.xib */,
				2BFCEF221FC51DD100480578 /* FilmMenuViewModel.swift */,
				2BF363A71FC68616002BB67A /* FilmDetailViewController.swift */,
				2BF363A81FC68616002BB67A /* FilmDetailViewController.xib */,
				2BF363A21FC675F6002BB67A /* FilmDetailViewModel.swift */,
			);
			path = Film;
			sourceTree = "<group>";
		};
		2BF363A41FC67E2F002BB67A /* Person */ = {
			isa = PBXGroup;
			children = (
				2BF3639D1FC66BD8002BB67A /* PersonMenuViewController.swift */,
				2BF3639E1FC66BD8002BB67A /* PersonMenuViewController.xib */,
				2BFCEF201FC4F90C00480578 /* PersonMenuViewModel.swift */,
				2BF363B61FC77EA7002BB67A /* PersonDetailViewController.swift */,
				2BF363B71FC77EA7002BB67A /* PersonDetailViewController.xib */,
				2BF363A51FC67E58002BB67A /* PersonDetailViewModel.swift */,
			);
			path = Person;
			sourceTree = "<group>";
		};
		2BF363BA1FC7CDCC002BB67A /* DataLayer */ = {
			isa = PBXGroup;
			children = (
				2BF363941FC642CC002BB67A /* StarWarsDataManager.swift */,
				2B98BE531FCE288E00142B61 /* Constants.swift */,
			);
			path = DataLayer;
			sourceTree = "<group>";
		};
		2BF363BB1FC7CDEA002BB67A /* Menus */ = {
			isa = PBXGroup;
			children = (
				2BFCEEE21FC3D6C000480578 /* StarWarsMainViewController.swift */,
				2BF363921FC62964002BB67A /* StarWarsViewModel.swift */,
				2BFCEF121FC3E90500480578 /* StarWarsOptionsViewController.swift */,
				2BF363BF1FCB8457002BB67A /* StarWarsOptionsViewController.xib */,
				2BFCEEE41FC3D6C000480578 /* Main.storyboard */,
			);
			path = Menus;
			sourceTree = "<group>";
		};
		2BFCEED41FC3D6C000480578 = {
			isa = PBXGroup;
			children = (
				2BFCEEDF1FC3D6C000480578 /* StarWarsPractice */,
				2BFCEEF41FC3D6C000480578 /* StarWarsPracticeTests */,
				2BFCEEFF1FC3D6C000480578 /* StarWarsPracticeUITests */,
				2BFCEEDE1FC3D6C000480578 /* Products */,
				65FE6992890AF6F70C2AA59A /* Pods */,
				1500CDFD917F2C081706AD05 /* Frameworks */,
			);
			sourceTree = "<group>";
		};
		2BFCEEDE1FC3D6C000480578 /* Products */ = {
			isa = PBXGroup;
			children = (
				2BFCEEDD1FC3D6C000480578 /* StarWarsPractice.app */,
				2BFCEEF11FC3D6C000480578 /* StarWarsPracticeTests.xctest */,
				2BFCEEFC1FC3D6C000480578 /* StarWarsPracticeUITests.xctest */,
			);
			name = Products;
			sourceTree = "<group>";
		};
		2BFCEEDF1FC3D6C000480578 /* StarWarsPractice */ = {
			isa = PBXGroup;
			children = (
				2BFCEEE01FC3D6C000480578 /* AppDelegate.swift */,
				2BFCEF1B1FC4E2A400480578 /* Model */,
				2BF363BA1FC7CDCC002BB67A /* DataLayer */,
				2BFCEF1A1FC4E29800480578 /* Views */,
				2BFCEEE71FC3D6C000480578 /* Assets.xcassets */,
				2BFCEEE91FC3D6C000480578 /* LaunchScreen.storyboard */,
				2BFCEEEC1FC3D6C000480578 /* Info.plist */,
			);
			path = StarWarsPractice;
			sourceTree = "<group>";
		};
		2BFCEEF41FC3D6C000480578 /* StarWarsPracticeTests */ = {
			isa = PBXGroup;
			children = (
				2BFCEEF51FC3D6C000480578 /* StarWarsPracticeTests.swift */,
				2BFCEEF71FC3D6C000480578 /* Info.plist */,
			);
			path = StarWarsPracticeTests;
			sourceTree = "<group>";
		};
		2BFCEEFF1FC3D6C000480578 /* StarWarsPracticeUITests */ = {
			isa = PBXGroup;
			children = (
				2BFCEF001FC3D6C000480578 /* StarWarsPracticeUITests.swift */,
				2BFCEF021FC3D6C000480578 /* Info.plist */,
			);
			path = StarWarsPracticeUITests;
			sourceTree = "<group>";
		};
		2BFCEF1A1FC4E29800480578 /* Views */ = {
			isa = PBXGroup;
			children = (
				2BF363BB1FC7CDEA002BB67A /* Menus */,
				2BF363961FC66A4A002BB67A /* ObjectViews */,
			);
			path = Views;
			sourceTree = "<group>";
		};
		2BFCEF1B1FC4E2A400480578 /* Model */ = {
			isa = PBXGroup;
			children = (
				2BFCEF141FC4E14600480578 /* Film.swift */,
				2BFCEF161FC4E27100480578 /* Person.swift */,
			);
			path = Model;
			sourceTree = "<group>";
		};
		65FE6992890AF6F70C2AA59A /* Pods */ = {
			isa = PBXGroup;
			children = (
				C4CD81C119191C16502E081B /* Pods-StarWarsPractice.debug.xcconfig */,
				DD825C682E08CDCBAE71FE08 /* Pods-StarWarsPractice.release.xcconfig */,
				3F128FC3DCA207CDEC5B8952 /* Pods-StarWarsPracticeTests.debug.xcconfig */,
				670B19C67665472ED1B6D2B9 /* Pods-StarWarsPracticeTests.release.xcconfig */,
				05849D4ABB1805697F0D76BB /* Pods-StarWarsPracticeUITests.debug.xcconfig */,
				E9B09E26EA58A23DB8DF1435 /* Pods-StarWarsPracticeUITests.release.xcconfig */,
			);
			name = Pods;
			sourceTree = "<group>";
		};
/* End PBXGroup section */

/* Begin PBXNativeTarget section */
		2BFCEEDC1FC3D6C000480578 /* StarWarsPractice */ = {
			isa = PBXNativeTarget;
			buildConfigurationList = 2BFCEF051FC3D6C000480578 /* Build configuration list for PBXNativeTarget "StarWarsPractice" */;
			buildPhases = (
				2BFCEED91FC3D6C000480578 /* Sources */,
				2BFCEEDA1FC3D6C000480578 /* Frameworks */,
				2BFCEEDB1FC3D6C000480578 /* Resources */,
				2BA9027A1FCBBAEE00774445 /* ShellScript */,
			);
			buildRules = (
			);
			dependencies = (
			);
			name = StarWarsPractice;
			productName = StarWarsPractice;
			productReference = 2BFCEEDD1FC3D6C000480578 /* StarWarsPractice.app */;
			productType = "com.apple.product-type.application";
		};
		2BFCEEF01FC3D6C000480578 /* StarWarsPracticeTests */ = {
			isa = PBXNativeTarget;
			buildConfigurationList = 2BFCEF081FC3D6C000480578 /* Build configuration list for PBXNativeTarget "StarWarsPracticeTests" */;
			buildPhases = (
				6BF9687E8AF2CB9151FAE0A4 /* [CP] Check Pods Manifest.lock */,
				2BFCEEED1FC3D6C000480578 /* Sources */,
				2BFCEEEE1FC3D6C000480578 /* Frameworks */,
				2BFCEEEF1FC3D6C000480578 /* Resources */,
				B33DC6E8B8AF3F184A91148D /* [CP] Embed Pods Frameworks */,
				337A468CA37C84045165C3AE /* [CP] Copy Pods Resources */,
			);
			buildRules = (
			);
			dependencies = (
				2BFCEEF31FC3D6C000480578 /* PBXTargetDependency */,
			);
			name = StarWarsPracticeTests;
			productName = StarWarsPracticeTests;
			productReference = 2BFCEEF11FC3D6C000480578 /* StarWarsPracticeTests.xctest */;
			productType = "com.apple.product-type.bundle.unit-test";
		};
		2BFCEEFB1FC3D6C000480578 /* StarWarsPracticeUITests */ = {
			isa = PBXNativeTarget;
			buildConfigurationList = 2BFCEF0B1FC3D6C000480578 /* Build configuration list for PBXNativeTarget "StarWarsPracticeUITests" */;
			buildPhases = (
				81A6E8FCB11491B2AA92BA17 /* [CP] Check Pods Manifest.lock */,
				2BFCEEF81FC3D6C000480578 /* Sources */,
				2BFCEEF91FC3D6C000480578 /* Frameworks */,
				2BFCEEFA1FC3D6C000480578 /* Resources */,
				3B20418EA7F052B291935E0E /* [CP] Embed Pods Frameworks */,
				4B49351D554118558CE08219 /* [CP] Copy Pods Resources */,
			);
			buildRules = (
			);
			dependencies = (
				2BFCEEFE1FC3D6C000480578 /* PBXTargetDependency */,
			);
			name = StarWarsPracticeUITests;
			productName = StarWarsPracticeUITests;
			productReference = 2BFCEEFC1FC3D6C000480578 /* StarWarsPracticeUITests.xctest */;
			productType = "com.apple.product-type.bundle.ui-testing";
		};
/* End PBXNativeTarget section */

/* Begin PBXProject section */
		2BFCEED51FC3D6C000480578 /* Project object */ = {
			isa = PBXProject;
			attributes = {
				LastSwiftUpdateCheck = 0910;
				LastUpgradeCheck = 0910;
				ORGANIZATIONNAME = "Outware Mobile";
				TargetAttributes = {
					2BFCEEDC1FC3D6C000480578 = {
						CreatedOnToolsVersion = 9.1;
						LastSwiftMigration = 0910;
						ProvisioningStyle = Automatic;
					};
					2BFCEEF01FC3D6C000480578 = {
						CreatedOnToolsVersion = 9.1;
						ProvisioningStyle = Automatic;
						TestTargetID = 2BFCEEDC1FC3D6C000480578;
					};
					2BFCEEFB1FC3D6C000480578 = {
						CreatedOnToolsVersion = 9.1;
						ProvisioningStyle = Automatic;
						TestTargetID = 2BFCEEDC1FC3D6C000480578;
					};
				};
			};
			buildConfigurationList = 2BFCEED81FC3D6C000480578 /* Build configuration list for PBXProject "StarWarsPractice" */;
			compatibilityVersion = "Xcode 8.0";
			developmentRegion = en;
			hasScannedForEncodings = 0;
			knownRegions = (
				en,
				Base,
			);
			mainGroup = 2BFCEED41FC3D6C000480578;
			productRefGroup = 2BFCEEDE1FC3D6C000480578 /* Products */;
			projectDirPath = "";
			projectRoot = "";
			targets = (
				2BFCEEDC1FC3D6C000480578 /* StarWarsPractice */,
				2BFCEEF01FC3D6C000480578 /* StarWarsPracticeTests */,
				2BFCEEFB1FC3D6C000480578 /* StarWarsPracticeUITests */,
			);
		};
/* End PBXProject section */

/* Begin PBXResourcesBuildPhase section */
		2BFCEEDB1FC3D6C000480578 /* Resources */ = {
			isa = PBXResourcesBuildPhase;
			buildActionMask = 2147483647;
			files = (
				2BFCEEEB1FC3D6C000480578 /* LaunchScreen.storyboard in Resources */,
				2BF363A01FC66BD8002BB67A /* PersonMenuViewController.xib in Resources */,
				2BFCEEE81FC3D6C000480578 /* Assets.xcassets in Resources */,
				2BF363B91FC77EA7002BB67A /* PersonDetailViewController.xib in Resources */,
				2BF363C01FCB8458002BB67A /* StarWarsOptionsViewController.xib in Resources */,
				2BF3639C1FC66BCE002BB67A /* FilmMenuViewController.xib in Resources */,
				2BFCEEE61FC3D6C000480578 /* Main.storyboard in Resources */,
				2BF363AA1FC68616002BB67A /* FilmDetailViewController.xib in Resources */,
			);
			runOnlyForDeploymentPostprocessing = 0;
		};
		2BFCEEEF1FC3D6C000480578 /* Resources */ = {
			isa = PBXResourcesBuildPhase;
			buildActionMask = 2147483647;
			files = (
			);
			runOnlyForDeploymentPostprocessing = 0;
		};
		2BFCEEFA1FC3D6C000480578 /* Resources */ = {
			isa = PBXResourcesBuildPhase;
			buildActionMask = 2147483647;
			files = (
			);
			runOnlyForDeploymentPostprocessing = 0;
		};
/* End PBXResourcesBuildPhase section */

/* Begin PBXShellScriptBuildPhase section */
		2BA9027A1FCBBAEE00774445 /* ShellScript */ = {
			isa = PBXShellScriptBuildPhase;
			buildActionMask = 2147483647;
			files = (
			);
			inputPaths = (
				"$(SRCROOT)/Carthage/Build/iOS/Alamofire.framework",
				"$(SRCROOT)/Carthage/Build/iOS/AlamofireImage.framework",
				"$(SRCROOT)/Carthage/Build/iOS/NVActivityIndicatorView.framework",
			);
			outputPaths = (
			);
			runOnlyForDeploymentPostprocessing = 0;
			shellPath = /bin/sh;
			shellScript = "/usr/local/bin/carthage copy-frameworks";
		};
		337A468CA37C84045165C3AE /* [CP] Copy Pods Resources */ = {
			isa = PBXShellScriptBuildPhase;
			buildActionMask = 2147483647;
			files = (
			);
			inputPaths = (
			);
			name = "[CP] Copy Pods Resources";
			outputPaths = (
			);
			runOnlyForDeploymentPostprocessing = 0;
			shellPath = /bin/sh;
			shellScript = "\"${SRCROOT}/Pods/Target Support Files/Pods-StarWarsPracticeTests/Pods-StarWarsPracticeTests-resources.sh\"\n";
			showEnvVarsInLog = 0;
		};
		3B20418EA7F052B291935E0E /* [CP] Embed Pods Frameworks */ = {
			isa = PBXShellScriptBuildPhase;
			buildActionMask = 2147483647;
			files = (
			);
			inputPaths = (
			);
			name = "[CP] Embed Pods Frameworks";
			outputPaths = (
			);
			runOnlyForDeploymentPostprocessing = 0;
			shellPath = /bin/sh;
			shellScript = "\"${SRCROOT}/Pods/Target Support Files/Pods-StarWarsPracticeUITests/Pods-StarWarsPracticeUITests-frameworks.sh\"\n";
			showEnvVarsInLog = 0;
		};
		4B49351D554118558CE08219 /* [CP] Copy Pods Resources */ = {
			isa = PBXShellScriptBuildPhase;
			buildActionMask = 2147483647;
			files = (
			);
			inputPaths = (
			);
			name = "[CP] Copy Pods Resources";
			outputPaths = (
			);
			runOnlyForDeploymentPostprocessing = 0;
			shellPath = /bin/sh;
			shellScript = "\"${SRCROOT}/Pods/Target Support Files/Pods-StarWarsPracticeUITests/Pods-StarWarsPracticeUITests-resources.sh\"\n";
			showEnvVarsInLog = 0;
		};
		6BF9687E8AF2CB9151FAE0A4 /* [CP] Check Pods Manifest.lock */ = {
			isa = PBXShellScriptBuildPhase;
			buildActionMask = 2147483647;
			files = (
			);
			inputPaths = (
				"${PODS_PODFILE_DIR_PATH}/Podfile.lock",
				"${PODS_ROOT}/Manifest.lock",
			);
			name = "[CP] Check Pods Manifest.lock";
			outputPaths = (
				"$(DERIVED_FILE_DIR)/Pods-StarWarsPracticeTests-checkManifestLockResult.txt",
			);
			runOnlyForDeploymentPostprocessing = 0;
			shellPath = /bin/sh;
			shellScript = "diff \"${PODS_PODFILE_DIR_PATH}/Podfile.lock\" \"${PODS_ROOT}/Manifest.lock\" > /dev/null\nif [ $? != 0 ] ; then\n    # print error to STDERR\n    echo \"error: The sandbox is not in sync with the Podfile.lock. Run 'pod install' or update your CocoaPods installation.\" >&2\n    exit 1\nfi\n# This output is used by Xcode 'outputs' to avoid re-running this script phase.\necho \"SUCCESS\" > \"${SCRIPT_OUTPUT_FILE_0}\"\n";
			showEnvVarsInLog = 0;
		};
		81A6E8FCB11491B2AA92BA17 /* [CP] Check Pods Manifest.lock */ = {
			isa = PBXShellScriptBuildPhase;
			buildActionMask = 2147483647;
			files = (
			);
			inputPaths = (
				"${PODS_PODFILE_DIR_PATH}/Podfile.lock",
				"${PODS_ROOT}/Manifest.lock",
			);
			name = "[CP] Check Pods Manifest.lock";
			outputPaths = (
				"$(DERIVED_FILE_DIR)/Pods-StarWarsPracticeUITests-checkManifestLockResult.txt",
			);
			runOnlyForDeploymentPostprocessing = 0;
			shellPath = /bin/sh;
			shellScript = "diff \"${PODS_PODFILE_DIR_PATH}/Podfile.lock\" \"${PODS_ROOT}/Manifest.lock\" > /dev/null\nif [ $? != 0 ] ; then\n    # print error to STDERR\n    echo \"error: The sandbox is not in sync with the Podfile.lock. Run 'pod install' or update your CocoaPods installation.\" >&2\n    exit 1\nfi\n# This output is used by Xcode 'outputs' to avoid re-running this script phase.\necho \"SUCCESS\" > \"${SCRIPT_OUTPUT_FILE_0}\"\n";
			showEnvVarsInLog = 0;
		};
		B33DC6E8B8AF3F184A91148D /* [CP] Embed Pods Frameworks */ = {
			isa = PBXShellScriptBuildPhase;
			buildActionMask = 2147483647;
			files = (
			);
			inputPaths = (
			);
			name = "[CP] Embed Pods Frameworks";
			outputPaths = (
			);
			runOnlyForDeploymentPostprocessing = 0;
			shellPath = /bin/sh;
			shellScript = "\"${SRCROOT}/Pods/Target Support Files/Pods-StarWarsPracticeTests/Pods-StarWarsPracticeTests-frameworks.sh\"\n";
			showEnvVarsInLog = 0;
		};
/* End PBXShellScriptBuildPhase section */

/* Begin PBXSourcesBuildPhase section */
		2BFCEED91FC3D6C000480578 /* Sources */ = {
			isa = PBXSourcesBuildPhase;
			buildActionMask = 2147483647;
			files = (
				2BFCEEE31FC3D6C000480578 /* StarWarsMainViewController.swift in Sources */,
				2BFCEF211FC4F90C00480578 /* PersonMenuViewModel.swift in Sources */,
				2BF363A91FC68616002BB67A /* FilmDetailViewController.swift in Sources */,
				2BFCEF231FC51DD100480578 /* FilmMenuViewModel.swift in Sources */,
				2BF363A61FC67E58002BB67A /* PersonDetailViewModel.swift in Sources */,
				2BF3639B1FC66BCE002BB67A /* FilmMenuViewController.swift in Sources */,
				2BFCEF151FC4E14600480578 /* Film.swift in Sources */,
				2B98BE541FCE288E00142B61 /* Constants.swift in Sources */,
				2BF363B81FC77EA7002BB67A /* PersonDetailViewController.swift in Sources */,
				2BF363951FC642CC002BB67A /* StarWarsDataManager.swift in Sources */,
				2BF363931FC62964002BB67A /* StarWarsViewModel.swift in Sources */,
				2BF363A31FC675F6002BB67A /* FilmDetailViewModel.swift in Sources */,
				2BFCEF131FC3E90500480578 /* StarWarsOptionsViewController.swift in Sources */,
				2BFCEEE11FC3D6C000480578 /* AppDelegate.swift in Sources */,
				2BFCEF171FC4E27100480578 /* Person.swift in Sources */,
				2BF3639F1FC66BD8002BB67A /* PersonMenuViewController.swift in Sources */,
			);
			runOnlyForDeploymentPostprocessing = 0;
		};
		2BFCEEED1FC3D6C000480578 /* Sources */ = {
			isa = PBXSourcesBuildPhase;
			buildActionMask = 2147483647;
			files = (
				2BFCEEF61FC3D6C000480578 /* StarWarsPracticeTests.swift in Sources */,
			);
			runOnlyForDeploymentPostprocessing = 0;
		};
		2BFCEEF81FC3D6C000480578 /* Sources */ = {
			isa = PBXSourcesBuildPhase;
			buildActionMask = 2147483647;
			files = (
				2BFCEF011FC3D6C000480578 /* StarWarsPracticeUITests.swift in Sources */,
			);
			runOnlyForDeploymentPostprocessing = 0;
		};
/* End PBXSourcesBuildPhase section */

/* Begin PBXTargetDependency section */
		2BFCEEF31FC3D6C000480578 /* PBXTargetDependency */ = {
			isa = PBXTargetDependency;
			target = 2BFCEEDC1FC3D6C000480578 /* StarWarsPractice */;
			targetProxy = 2BFCEEF21FC3D6C000480578 /* PBXContainerItemProxy */;
		};
		2BFCEEFE1FC3D6C000480578 /* PBXTargetDependency */ = {
			isa = PBXTargetDependency;
			target = 2BFCEEDC1FC3D6C000480578 /* StarWarsPractice */;
			targetProxy = 2BFCEEFD1FC3D6C000480578 /* PBXContainerItemProxy */;
		};
/* End PBXTargetDependency section */

/* Begin PBXVariantGroup section */
		2BFCEEE41FC3D6C000480578 /* Main.storyboard */ = {
			isa = PBXVariantGroup;
			children = (
				2BFCEEE51FC3D6C000480578 /* Base */,
			);
			name = Main.storyboard;
			sourceTree = "<group>";
		};
		2BFCEEE91FC3D6C000480578 /* LaunchScreen.storyboard */ = {
			isa = PBXVariantGroup;
			children = (
				2BFCEEEA1FC3D6C000480578 /* Base */,
			);
			name = LaunchScreen.storyboard;
			sourceTree = "<group>";
		};
/* End PBXVariantGroup section */

/* Begin XCBuildConfiguration section */
		2BFCEF031FC3D6C000480578 /* Debug */ = {
			isa = XCBuildConfiguration;
			buildSettings = {
				ALWAYS_SEARCH_USER_PATHS = NO;
				CLANG_ANALYZER_NONNULL = YES;
				CLANG_ANALYZER_NUMBER_OBJECT_CONVERSION = YES_AGGRESSIVE;
				CLANG_CXX_LANGUAGE_STANDARD = "gnu++14";
				CLANG_CXX_LIBRARY = "libc++";
				CLANG_ENABLE_MODULES = YES;
				CLANG_ENABLE_OBJC_ARC = YES;
				CLANG_WARN_BLOCK_CAPTURE_AUTORELEASING = YES;
				CLANG_WARN_BOOL_CONVERSION = YES;
				CLANG_WARN_COMMA = YES;
				CLANG_WARN_CONSTANT_CONVERSION = YES;
				CLANG_WARN_DIRECT_OBJC_ISA_USAGE = YES_ERROR;
				CLANG_WARN_DOCUMENTATION_COMMENTS = YES;
				CLANG_WARN_EMPTY_BODY = YES;
				CLANG_WARN_ENUM_CONVERSION = YES;
				CLANG_WARN_INFINITE_RECURSION = YES;
				CLANG_WARN_INT_CONVERSION = YES;
				CLANG_WARN_NON_LITERAL_NULL_CONVERSION = YES;
				CLANG_WARN_OBJC_LITERAL_CONVERSION = YES;
				CLANG_WARN_OBJC_ROOT_CLASS = YES_ERROR;
				CLANG_WARN_RANGE_LOOP_ANALYSIS = YES;
				CLANG_WARN_STRICT_PROTOTYPES = YES;
				CLANG_WARN_SUSPICIOUS_MOVE = YES;
				CLANG_WARN_UNGUARDED_AVAILABILITY = YES_AGGRESSIVE;
				CLANG_WARN_UNREACHABLE_CODE = YES;
				CLANG_WARN__DUPLICATE_METHOD_MATCH = YES;
				CODE_SIGN_IDENTITY = "iPhone Developer";
				COPY_PHASE_STRIP = NO;
				DEBUG_INFORMATION_FORMAT = dwarf;
				ENABLE_STRICT_OBJC_MSGSEND = YES;
				ENABLE_TESTABILITY = YES;
				GCC_C_LANGUAGE_STANDARD = gnu11;
				GCC_DYNAMIC_NO_PIC = NO;
				GCC_NO_COMMON_BLOCKS = YES;
				GCC_OPTIMIZATION_LEVEL = 0;
				GCC_PREPROCESSOR_DEFINITIONS = (
					"DEBUG=1",
					"$(inherited)",
				);
				GCC_WARN_64_TO_32_BIT_CONVERSION = YES;
				GCC_WARN_ABOUT_RETURN_TYPE = YES_ERROR;
				GCC_WARN_UNDECLARED_SELECTOR = YES;
				GCC_WARN_UNINITIALIZED_AUTOS = YES_AGGRESSIVE;
				GCC_WARN_UNUSED_FUNCTION = YES;
				GCC_WARN_UNUSED_VARIABLE = YES;
				IPHONEOS_DEPLOYMENT_TARGET = 11.1;
				MTL_ENABLE_DEBUG_INFO = YES;
				ONLY_ACTIVE_ARCH = YES;
				SDKROOT = iphoneos;
				SWIFT_ACTIVE_COMPILATION_CONDITIONS = DEBUG;
				SWIFT_OPTIMIZATION_LEVEL = "-Onone";
			};
			name = Debug;
		};
		2BFCEF041FC3D6C000480578 /* Release */ = {
			isa = XCBuildConfiguration;
			buildSettings = {
				ALWAYS_SEARCH_USER_PATHS = NO;
				CLANG_ANALYZER_NONNULL = YES;
				CLANG_ANALYZER_NUMBER_OBJECT_CONVERSION = YES_AGGRESSIVE;
				CLANG_CXX_LANGUAGE_STANDARD = "gnu++14";
				CLANG_CXX_LIBRARY = "libc++";
				CLANG_ENABLE_MODULES = YES;
				CLANG_ENABLE_OBJC_ARC = YES;
				CLANG_WARN_BLOCK_CAPTURE_AUTORELEASING = YES;
				CLANG_WARN_BOOL_CONVERSION = YES;
				CLANG_WARN_COMMA = YES;
				CLANG_WARN_CONSTANT_CONVERSION = YES;
				CLANG_WARN_DIRECT_OBJC_ISA_USAGE = YES_ERROR;
				CLANG_WARN_DOCUMENTATION_COMMENTS = YES;
				CLANG_WARN_EMPTY_BODY = YES;
				CLANG_WARN_ENUM_CONVERSION = YES;
				CLANG_WARN_INFINITE_RECURSION = YES;
				CLANG_WARN_INT_CONVERSION = YES;
				CLANG_WARN_NON_LITERAL_NULL_CONVERSION = YES;
				CLANG_WARN_OBJC_LITERAL_CONVERSION = YES;
				CLANG_WARN_OBJC_ROOT_CLASS = YES_ERROR;
				CLANG_WARN_RANGE_LOOP_ANALYSIS = YES;
				CLANG_WARN_STRICT_PROTOTYPES = YES;
				CLANG_WARN_SUSPICIOUS_MOVE = YES;
				CLANG_WARN_UNGUARDED_AVAILABILITY = YES_AGGRESSIVE;
				CLANG_WARN_UNREACHABLE_CODE = YES;
				CLANG_WARN__DUPLICATE_METHOD_MATCH = YES;
				CODE_SIGN_IDENTITY = "iPhone Developer";
				COPY_PHASE_STRIP = NO;
				DEBUG_INFORMATION_FORMAT = "dwarf-with-dsym";
				ENABLE_NS_ASSERTIONS = NO;
				ENABLE_STRICT_OBJC_MSGSEND = YES;
				GCC_C_LANGUAGE_STANDARD = gnu11;
				GCC_NO_COMMON_BLOCKS = YES;
				GCC_WARN_64_TO_32_BIT_CONVERSION = YES;
				GCC_WARN_ABOUT_RETURN_TYPE = YES_ERROR;
				GCC_WARN_UNDECLARED_SELECTOR = YES;
				GCC_WARN_UNINITIALIZED_AUTOS = YES_AGGRESSIVE;
				GCC_WARN_UNUSED_FUNCTION = YES;
				GCC_WARN_UNUSED_VARIABLE = YES;
				IPHONEOS_DEPLOYMENT_TARGET = 11.1;
				MTL_ENABLE_DEBUG_INFO = NO;
				SDKROOT = iphoneos;
				SWIFT_OPTIMIZATION_LEVEL = "-Owholemodule";
				VALIDATE_PRODUCT = YES;
			};
			name = Release;
		};
		2BFCEF061FC3D6C000480578 /* Debug */ = {
			isa = XCBuildConfiguration;
			baseConfigurationReference = C4CD81C119191C16502E081B /* Pods-StarWarsPractice.debug.xcconfig */;
			buildSettings = {
				ASSETCATALOG_COMPILER_APPICON_NAME = AppIcon;
				CLANG_ENABLE_MODULES = YES;
				CODE_SIGN_STYLE = Automatic;
				DEVELOPMENT_TEAM = WGNX6V2Q3Q;
				FRAMEWORK_SEARCH_PATHS = (
					"$(inherited)",
					"$(PROJECT_DIR)/Carthage/Build/iOS",
				);
				INFOPLIST_FILE = StarWarsPractice/Info.plist;
				LD_RUNPATH_SEARCH_PATHS = "$(inherited) @executable_path/Frameworks";
				PRODUCT_BUNDLE_IDENTIFIER = ssa.StarWarsPractice;
				PRODUCT_NAME = "$(TARGET_NAME)";
				SWIFT_OBJC_BRIDGING_HEADER = "";
				SWIFT_OPTIMIZATION_LEVEL = "-Onone";
				SWIFT_VERSION = 4.0;
				TARGETED_DEVICE_FAMILY = "1,2";
			};
			name = Debug;
		};
		2BFCEF071FC3D6C000480578 /* Release */ = {
			isa = XCBuildConfiguration;
			baseConfigurationReference = DD825C682E08CDCBAE71FE08 /* Pods-StarWarsPractice.release.xcconfig */;
			buildSettings = {
				ASSETCATALOG_COMPILER_APPICON_NAME = AppIcon;
				CLANG_ENABLE_MODULES = YES;
				CODE_SIGN_STYLE = Automatic;
				DEVELOPMENT_TEAM = WGNX6V2Q3Q;
				FRAMEWORK_SEARCH_PATHS = (
					"$(inherited)",
					"$(PROJECT_DIR)/Carthage/Build/iOS",
				);
				INFOPLIST_FILE = StarWarsPractice/Info.plist;
				LD_RUNPATH_SEARCH_PATHS = "$(inherited) @executable_path/Frameworks";
				PRODUCT_BUNDLE_IDENTIFIER = ssa.StarWarsPractice;
				PRODUCT_NAME = "$(TARGET_NAME)";
				SWIFT_OBJC_BRIDGING_HEADER = "";
				SWIFT_VERSION = 4.0;
				TARGETED_DEVICE_FAMILY = "1,2";
			};
			name = Release;
		};
		2BFCEF091FC3D6C000480578 /* Debug */ = {
			isa = XCBuildConfiguration;
			baseConfigurationReference = 3F128FC3DCA207CDEC5B8952 /* Pods-StarWarsPracticeTests.debug.xcconfig */;
			buildSettings = {
				ALWAYS_EMBED_SWIFT_STANDARD_LIBRARIES = YES;
				BUNDLE_LOADER = "$(TEST_HOST)";
				CODE_SIGN_STYLE = Automatic;
				INFOPLIST_FILE = StarWarsPracticeTests/Info.plist;
				LD_RUNPATH_SEARCH_PATHS = "$(inherited) @executable_path/Frameworks @loader_path/Frameworks";
				PRODUCT_BUNDLE_IDENTIFIER = ssa.StarWarsPracticeTests;
				PRODUCT_NAME = "$(TARGET_NAME)";
				SWIFT_VERSION = 4.0;
				TARGETED_DEVICE_FAMILY = "1,2";
				TEST_HOST = "$(BUILT_PRODUCTS_DIR)/StarWarsPractice.app/StarWarsPractice";
			};
			name = Debug;
		};
		2BFCEF0A1FC3D6C000480578 /* Release */ = {
			isa = XCBuildConfiguration;
			baseConfigurationReference = 670B19C67665472ED1B6D2B9 /* Pods-StarWarsPracticeTests.release.xcconfig */;
			buildSettings = {
				ALWAYS_EMBED_SWIFT_STANDARD_LIBRARIES = YES;
				BUNDLE_LOADER = "$(TEST_HOST)";
				CODE_SIGN_STYLE = Automatic;
				INFOPLIST_FILE = StarWarsPracticeTests/Info.plist;
				LD_RUNPATH_SEARCH_PATHS = "$(inherited) @executable_path/Frameworks @loader_path/Frameworks";
				PRODUCT_BUNDLE_IDENTIFIER = ssa.StarWarsPracticeTests;
				PRODUCT_NAME = "$(TARGET_NAME)";
				SWIFT_VERSION = 4.0;
				TARGETED_DEVICE_FAMILY = "1,2";
				TEST_HOST = "$(BUILT_PRODUCTS_DIR)/StarWarsPractice.app/StarWarsPractice";
			};
			name = Release;
		};
		2BFCEF0C1FC3D6C000480578 /* Debug */ = {
			isa = XCBuildConfiguration;
			baseConfigurationReference = 05849D4ABB1805697F0D76BB /* Pods-StarWarsPracticeUITests.debug.xcconfig */;
			buildSettings = {
				ALWAYS_EMBED_SWIFT_STANDARD_LIBRARIES = YES;
				CODE_SIGN_STYLE = Automatic;
				INFOPLIST_FILE = StarWarsPracticeUITests/Info.plist;
				LD_RUNPATH_SEARCH_PATHS = "$(inherited) @executable_path/Frameworks @loader_path/Frameworks";
				PRODUCT_BUNDLE_IDENTIFIER = ssa.StarWarsPracticeUITests;
				PRODUCT_NAME = "$(TARGET_NAME)";
				SWIFT_VERSION = 4.0;
				TARGETED_DEVICE_FAMILY = "1,2";
				TEST_TARGET_NAME = StarWarsPractice;
			};
			name = Debug;
		};
		2BFCEF0D1FC3D6C000480578 /* Release */ = {
			isa = XCBuildConfiguration;
			baseConfigurationReference = E9B09E26EA58A23DB8DF1435 /* Pods-StarWarsPracticeUITests.release.xcconfig */;
			buildSettings = {
				ALWAYS_EMBED_SWIFT_STANDARD_LIBRARIES = YES;
				CODE_SIGN_STYLE = Automatic;
				INFOPLIST_FILE = StarWarsPracticeUITests/Info.plist;
				LD_RUNPATH_SEARCH_PATHS = "$(inherited) @executable_path/Frameworks @loader_path/Frameworks";
				PRODUCT_BUNDLE_IDENTIFIER = ssa.StarWarsPracticeUITests;
				PRODUCT_NAME = "$(TARGET_NAME)";
				SWIFT_VERSION = 4.0;
				TARGETED_DEVICE_FAMILY = "1,2";
				TEST_TARGET_NAME = StarWarsPractice;
			};
			name = Release;
		};
/* End XCBuildConfiguration section */

/* Begin XCConfigurationList section */
		2BFCEED81FC3D6C000480578 /* Build configuration list for PBXProject "StarWarsPractice" */ = {
			isa = XCConfigurationList;
			buildConfigurations = (
				2BFCEF031FC3D6C000480578 /* Debug */,
				2BFCEF041FC3D6C000480578 /* Release */,
			);
			defaultConfigurationIsVisible = 0;
			defaultConfigurationName = Release;
		};
		2BFCEF051FC3D6C000480578 /* Build configuration list for PBXNativeTarget "StarWarsPractice" */ = {
			isa = XCConfigurationList;
			buildConfigurations = (
				2BFCEF061FC3D6C000480578 /* Debug */,
				2BFCEF071FC3D6C000480578 /* Release */,
			);
			defaultConfigurationIsVisible = 0;
			defaultConfigurationName = Release;
		};
		2BFCEF081FC3D6C000480578 /* Build configuration list for PBXNativeTarget "StarWarsPracticeTests" */ = {
			isa = XCConfigurationList;
			buildConfigurations = (
				2BFCEF091FC3D6C000480578 /* Debug */,
				2BFCEF0A1FC3D6C000480578 /* Release */,
			);
			defaultConfigurationIsVisible = 0;
			defaultConfigurationName = Release;
		};
		2BFCEF0B1FC3D6C000480578 /* Build configuration list for PBXNativeTarget "StarWarsPracticeUITests" */ = {
			isa = XCConfigurationList;
			buildConfigurations = (
				2BFCEF0C1FC3D6C000480578 /* Debug */,
				2BFCEF0D1FC3D6C000480578 /* Release */,
			);
			defaultConfigurationIsVisible = 0;
			defaultConfigurationName = Release;
		};
/* End XCConfigurationList section */
	};
	rootObject = 2BFCEED51FC3D6C000480578 /* Project object */;
}
