// !$*UTF8*$!
{
	archiveVersion = 1;
	classes = {
	};
	objectVersion = 48;
	objects = {

/* Begin PBXBuildFile section */
		2BFCEEE11FC3D6C000480578 /* AppDelegate.swift in Sources */ = {isa = PBXBuildFile; fileRef = 2BFCEEE01FC3D6C000480578 /* AppDelegate.swift */; };
		2BFCEEE31FC3D6C000480578 /* ViewController.swift in Sources */ = {isa = PBXBuildFile; fileRef = 2BFCEEE21FC3D6C000480578 /* ViewController.swift */; };
		2BFCEEE61FC3D6C000480578 /* Main.storyboard in Resources */ = {isa = PBXBuildFile; fileRef = 2BFCEEE41FC3D6C000480578 /* Main.storyboard */; };
		2BFCEEE81FC3D6C000480578 /* Assets.xcassets in Resources */ = {isa = PBXBuildFile; fileRef = 2BFCEEE71FC3D6C000480578 /* Assets.xcassets */; };
		2BFCEEEB1FC3D6C000480578 /* LaunchScreen.storyboard in Resources */ = {isa = PBXBuildFile; fileRef = 2BFCEEE91FC3D6C000480578 /* LaunchScreen.storyboard */; };
		2BFCEEF61FC3D6C000480578 /* StarWarsPracticeTests.swift in Sources */ = {isa = PBXBuildFile; fileRef = 2BFCEEF51FC3D6C000480578 /* StarWarsPracticeTests.swift */; };
		2BFCEF011FC3D6C000480578 /* StarWarsPracticeUITests.swift in Sources */ = {isa = PBXBuildFile; fileRef = 2BFCEF001FC3D6C000480578 /* StarWarsPracticeUITests.swift */; };
/* End PBXBuildFile section */

/* Begin PBXContainerItemProxy section */
		2BFCEEF21FC3D6C000480578 /* PBXContainerItemProxy */ = {
			isa = PBXContainerItemProxy;
			containerPortal = 2BFCEED51FC3D6C000480578 /* Project object */;
			proxyType = 1;
			remoteGlobalIDString = 2BFCEEDC1FC3D6C000480578;
			remoteInfo = StarWarsPractice;
		};
		2BFCEEFD1FC3D6C000480578 /* PBXContainerItemProxy */ = {
			isa = PBXContainerItemProxy;
			containerPortal = 2BFCEED51FC3D6C000480578 /* Project object */;
			proxyType = 1;
			remoteGlobalIDString = 2BFCEEDC1FC3D6C000480578;
			remoteInfo = StarWarsPractice;
		};
/* End PBXContainerItemProxy section */

/* Begin PBXFileReference section */
		2BFCEEDD1FC3D6C000480578 /* StarWarsPractice.app */ = {isa = PBXFileReference; explicitFileType = wrapper.application; includeInIndex = 0; path = StarWarsPractice.app; sourceTree = BUILT_PRODUCTS_DIR; };
		2BFCEEE01FC3D6C000480578 /* AppDelegate.swift */ = {isa = PBXFileReference; lastKnownFileType = sourcecode.swift; path = AppDelegate.swift; sourceTree = "<group>"; };
		2BFCEEE21FC3D6C000480578 /* ViewController.swift */ = {isa = PBXFileReference; lastKnownFileType = sourcecode.swift; path = ViewController.swift; sourceTree = "<group>"; };
		2BFCEEE51FC3D6C000480578 /* Base */ = {isa = PBXFileReference; lastKnownFileType = file.storyboard; name = Base; path = Base.lproj/Main.storyboard; sourceTree = "<group>"; };
		2BFCEEE71FC3D6C000480578 /* Assets.xcassets */ = {isa = PBXFileReference; lastKnownFileType = folder.assetcatalog; path = Assets.xcassets; sourceTree = "<group>"; };
		2BFCEEEA1FC3D6C000480578 /* Base */ = {isa = PBXFileReference; lastKnownFileType = file.storyboard; name = Base; path = Base.lproj/LaunchScreen.storyboard; sourceTree = "<group>"; };
		2BFCEEEC1FC3D6C000480578 /* Info.plist */ = {isa = PBXFileReference; lastKnownFileType = text.plist.xml; path = Info.plist; sourceTree = "<group>"; };
		2BFCEEF11FC3D6C000480578 /* StarWarsPracticeTests.xctest */ = {isa = PBXFileReference; explicitFileType = wrapper.cfbundle; includeInIndex = 0; path = StarWarsPracticeTests.xctest; sourceTree = BUILT_PRODUCTS_DIR; };
		2BFCEEF51FC3D6C000480578 /* StarWarsPracticeTests.swift */ = {isa = PBXFileReference; lastKnownFileType = sourcecode.swift; path = StarWarsPracticeTests.swift; sourceTree = "<group>"; };
		2BFCEEF71FC3D6C000480578 /* Info.plist */ = {isa = PBXFileReference; lastKnownFileType = text.plist.xml; path = Info.plist; sourceTree = "<group>"; };
		2BFCEEFC1FC3D6C000480578 /* StarWarsPracticeUITests.xctest */ = {isa = PBXFileReference; explicitFileType = wrapper.cfbundle; includeInIndex = 0; path = StarWarsPracticeUITests.xctest; sourceTree = BUILT_PRODUCTS_DIR; };
		2BFCEF001FC3D6C000480578 /* StarWarsPracticeUITests.swift */ = {isa = PBXFileReference; lastKnownFileType = sourcecode.swift; path = StarWarsPracticeUITests.swift; sourceTree = "<group>"; };
		2BFCEF021FC3D6C000480578 /* Info.plist */ = {isa = PBXFileReference; lastKnownFileType = text.plist.xml; path = Info.plist; sourceTree = "<group>"; };
/* End PBXFileReference section */

/* Begin PBXFrameworksBuildPhase section */
		2BFCEEDA1FC3D6C000480578 /* Frameworks */ = {
			isa = PBXFrameworksBuildPhase;
			buildActionMask = 2147483647;
			files = (
			);
			runOnlyForDeploymentPostprocessing = 0;
		};
		2BFCEEEE1FC3D6C000480578 /* Frameworks */ = {
			isa = PBXFrameworksBuildPhase;
			buildActionMask = 2147483647;
			files = (
			);
			runOnlyForDeploymentPostprocessing = 0;
		};
		2BFCEEF91FC3D6C000480578 /* Frameworks */ = {
			isa = PBXFrameworksBuildPhase;
			buildActionMask = 2147483647;
			files = (
			);
			runOnlyForDeploymentPostprocessing = 0;
		};
/* End PBXFrameworksBuildPhase section */

/* Begin PBXGroup section */
		2BFCEED41FC3D6C000480578 = {
			isa = PBXGroup;
			children = (
				2BFCEEDF1FC3D6C000480578 /* StarWarsPractice */,
				2BFCEEF41FC3D6C000480578 /* StarWarsPracticeTests */,
				2BFCEEFF1FC3D6C000480578 /* StarWarsPracticeUITests */,
				2BFCEEDE1FC3D6C000480578 /* Products */,
			);
			sourceTree = "<group>";
		};
		2BFCEEDE1FC3D6C000480578 /* Products */ = {
			isa = PBXGroup;
			children = (
				2BFCEEDD1FC3D6C000480578 /* StarWarsPractice.app */,
				2BFCEEF11FC3D6C000480578 /* StarWarsPracticeTests.xctest */,
				2BFCEEFC1FC3D6C000480578 /* StarWarsPracticeUITests.xctest */,
			);
			name = Products;
			sourceTree = "<group>";
		};
		2BFCEEDF1FC3D6C000480578 /* StarWarsPractice */ = {
			isa = PBXGroup;
			children = (
				2BFCEEE01FC3D6C000480578 /* AppDelegate.swift */,
				2BFCEEE21FC3D6C000480578 /* ViewController.swift */,
				2BFCEEE41FC3D6C000480578 /* Main.storyboard */,
				2BFCEEE71FC3D6C000480578 /* Assets.xcassets */,
				2BFCEEE91FC3D6C000480578 /* LaunchScreen.storyboard */,
				2BFCEEEC1FC3D6C000480578 /* Info.plist */,
			);
			path = StarWarsPractice;
			sourceTree = "<group>";
		};
		2BFCEEF41FC3D6C000480578 /* StarWarsPracticeTests */ = {
			isa = PBXGroup;
			children = (
				2BFCEEF51FC3D6C000480578 /* StarWarsPracticeTests.swift */,
				2BFCEEF71FC3D6C000480578 /* Info.plist */,
			);
			path = StarWarsPracticeTests;
			sourceTree = "<group>";
		};
		2BFCEEFF1FC3D6C000480578 /* StarWarsPracticeUITests */ = {
			isa = PBXGroup;
			children = (
				2BFCEF001FC3D6C000480578 /* StarWarsPracticeUITests.swift */,
				2BFCEF021FC3D6C000480578 /* Info.plist */,
			);
			path = StarWarsPracticeUITests;
			sourceTree = "<group>";
		};
/* End PBXGroup section */

/* Begin PBXNativeTarget section */
		2BFCEEDC1FC3D6C000480578 /* StarWarsPractice */ = {
			isa = PBXNativeTarget;
			buildConfigurationList = 2BFCEF051FC3D6C000480578 /* Build configuration list for PBXNativeTarget "StarWarsPractice" */;
			buildPhases = (
				2BFCEED91FC3D6C000480578 /* Sources */,
				2BFCEEDA1FC3D6C000480578 /* Frameworks */,
				2BFCEEDB1FC3D6C000480578 /* Resources */,
			);
			buildRules = (
			);
			dependencies = (
			);
			name = StarWarsPractice;
			productName = StarWarsPractice;
			productReference = 2BFCEEDD1FC3D6C000480578 /* StarWarsPractice.app */;
			productType = "com.apple.product-type.application";
		};
		2BFCEEF01FC3D6C000480578 /* StarWarsPracticeTests */ = {
			isa = PBXNativeTarget;
			buildConfigurationList = 2BFCEF081FC3D6C000480578 /* Build configuration list for PBXNativeTarget "StarWarsPracticeTests" */;
			buildPhases = (
				2BFCEEED1FC3D6C000480578 /* Sources */,
				2BFCEEEE1FC3D6C000480578 /* Frameworks */,
				2BFCEEEF1FC3D6C000480578 /* Resources */,
			);
			buildRules = (
			);
			dependencies = (
				2BFCEEF31FC3D6C000480578 /* PBXTargetDependency */,
			);
			name = StarWarsPracticeTests;
			productName = StarWarsPracticeTests;
			productReference = 2BFCEEF11FC3D6C000480578 /* StarWarsPracticeTests.xctest */;
			productType = "com.apple.product-type.bundle.unit-test";
		};
		2BFCEEFB1FC3D6C000480578 /* StarWarsPracticeUITests */ = {
			isa = PBXNativeTarget;
			buildConfigurationList = 2BFCEF0B1FC3D6C000480578 /* Build configuration list for PBXNativeTarget "StarWarsPracticeUITests" */;
			buildPhases = (
				2BFCEEF81FC3D6C000480578 /* Sources */,
				2BFCEEF91FC3D6C000480578 /* Frameworks */,
				2BFCEEFA1FC3D6C000480578 /* Resources */,
			);
			buildRules = (
			);
			dependencies = (
				2BFCEEFE1FC3D6C000480578 /* PBXTargetDependency */,
			);
			name = StarWarsPracticeUITests;
			productName = StarWarsPracticeUITests;
			productReference = 2BFCEEFC1FC3D6C000480578 /* StarWarsPracticeUITests.xctest */;
			productType = "com.apple.product-type.bundle.ui-testing";
		};
/* End PBXNativeTarget section */

/* Begin PBXProject section */
		2BFCEED51FC3D6C000480578 /* Project object */ = {
			isa = PBXProject;
			attributes = {
				LastSwiftUpdateCheck = 0910;
				LastUpgradeCheck = 0910;
				ORGANIZATIONNAME = "Simon Smiley-Andrews";
				TargetAttributes = {
					2BFCEEDC1FC3D6C000480578 = {
						CreatedOnToolsVersion = 9.1;
						ProvisioningStyle = Automatic;
					};
					2BFCEEF01FC3D6C000480578 = {
						CreatedOnToolsVersion = 9.1;
						ProvisioningStyle = Automatic;
						TestTargetID = 2BFCEEDC1FC3D6C000480578;
					};
					2BFCEEFB1FC3D6C000480578 = {
						CreatedOnToolsVersion = 9.1;
						ProvisioningStyle = Automatic;
						TestTargetID = 2BFCEEDC1FC3D6C000480578;
					};
				};
			};
			buildConfigurationList = 2BFCEED81FC3D6C000480578 /* Build configuration list for PBXProject "StarWarsPractice" */;
			compatibilityVersion = "Xcode 8.0";
			developmentRegion = en;
			hasScannedForEncodings = 0;
			knownRegions = (
				en,
				Base,
			);
			mainGroup = 2BFCEED41FC3D6C000480578;
			productRefGroup = 2BFCEEDE1FC3D6C000480578 /* Products */;
			projectDirPath = "";
			projectRoot = "";
			targets = (
				2BFCEEDC1FC3D6C000480578 /* StarWarsPractice */,
				2BFCEEF01FC3D6C000480578 /* StarWarsPracticeTests */,
				2BFCEEFB1FC3D6C000480578 /* StarWarsPracticeUITests */,
			);
		};
/* End PBXProject section */

/* Begin PBXResourcesBuildPhase section */
		2BFCEEDB1FC3D6C000480578 /* Resources */ = {
			isa = PBXResourcesBuildPhase;
			buildActionMask = 2147483647;
			files = (
				2BFCEEEB1FC3D6C000480578 /* LaunchScreen.storyboard in Resources */,
				2BFCEEE81FC3D6C000480578 /* Assets.xcassets in Resources */,
				2BFCEEE61FC3D6C000480578 /* Main.storyboard in Resources */,
			);
			runOnlyForDeploymentPostprocessing = 0;
		};
		2BFCEEEF1FC3D6C000480578 /* Resources */ = {
			isa = PBXResourcesBuildPhase;
			buildActionMask = 2147483647;
			files = (
			);
			runOnlyForDeploymentPostprocessing = 0;
		};
		2BFCEEFA1FC3D6C000480578 /* Resources */ = {
			isa = PBXResourcesBuildPhase;
			buildActionMask = 2147483647;
			files = (
			);
			runOnlyForDeploymentPostprocessing = 0;
		};
/* End PBXResourcesBuildPhase section */

/* Begin PBXSourcesBuildPhase section */
		2BFCEED91FC3D6C000480578 /* Sources */ = {
			isa = PBXSourcesBuildPhase;
			buildActionMask = 2147483647;
			files = (
				2BFCEEE31FC3D6C000480578 /* ViewController.swift in Sources */,
				2BFCEEE11FC3D6C000480578 /* AppDelegate.swift in Sources */,
			);
			runOnlyForDeploymentPostprocessing = 0;
		};
		2BFCEEED1FC3D6C000480578 /* Sources */ = {
			isa = PBXSourcesBuildPhase;
			buildActionMask = 2147483647;
			files = (
				2BFCEEF61FC3D6C000480578 /* StarWarsPracticeTests.swift in Sources */,
			);
			runOnlyForDeploymentPostprocessing = 0;
		};
		2BFCEEF81FC3D6C000480578 /* Sources */ = {
			isa = PBXSourcesBuildPhase;
			buildActionMask = 2147483647;
			files = (
				2BFCEF011FC3D6C000480578 /* StarWarsPracticeUITests.swift in Sources */,
			);
			runOnlyForDeploymentPostprocessing = 0;
		};
/* End PBXSourcesBuildPhase section */

/* Begin PBXTargetDependency section */
		2BFCEEF31FC3D6C000480578 /* PBXTargetDependency */ = {
			isa = PBXTargetDependency;
			target = 2BFCEEDC1FC3D6C000480578 /* StarWarsPractice */;
			targetProxy = 2BFCEEF21FC3D6C000480578 /* PBXContainerItemProxy */;
		};
		2BFCEEFE1FC3D6C000480578 /* PBXTargetDependency */ = {
			isa = PBXTargetDependency;
			target = 2BFCEEDC1FC3D6C000480578 /* StarWarsPractice */;
			targetProxy = 2BFCEEFD1FC3D6C000480578 /* PBXContainerItemProxy */;
		};
/* End PBXTargetDependency section */

/* Begin PBXVariantGroup section */
		2BFCEEE41FC3D6C000480578 /* Main.storyboard */ = {
			isa = PBXVariantGroup;
			children = (
				2BFCEEE51FC3D6C000480578 /* Base */,
			);
			name = Main.storyboard;
			sourceTree = "<group>";
		};
		2BFCEEE91FC3D6C000480578 /* LaunchScreen.storyboard */ = {
			isa = PBXVariantGroup;
			children = (
				2BFCEEEA1FC3D6C000480578 /* Base */,
			);
			name = LaunchScreen.storyboard;
			sourceTree = "<group>";
		};
/* End PBXVariantGroup section */

/* Begin XCBuildConfiguration section */
		2BFCEF031FC3D6C000480578 /* Debug */ = {
			isa = XCBuildConfiguration;
			buildSettings = {
				ALWAYS_SEARCH_USER_PATHS = NO;
				CLANG_ANALYZER_NONNULL = YES;
				CLANG_ANALYZER_NUMBER_OBJECT_CONVERSION = YES_AGGRESSIVE;
				CLANG_CXX_LANGUAGE_STANDARD = "gnu++14";
				CLANG_CXX_LIBRARY = "libc++";
				CLANG_ENABLE_MODULES = YES;
				CLANG_ENABLE_OBJC_ARC = YES;
				CLANG_WARN_BLOCK_CAPTURE_AUTORELEASING = YES;
				CLANG_WARN_BOOL_CONVERSION = YES;
				CLANG_WARN_COMMA = YES;
				CLANG_WARN_CONSTANT_CONVERSION = YES;
				CLANG_WARN_DIRECT_OBJC_ISA_USAGE = YES_ERROR;
				CLANG_WARN_DOCUMENTATION_COMMENTS = YES;
				CLANG_WARN_EMPTY_BODY = YES;
				CLANG_WARN_ENUM_CONVERSION = YES;
				CLANG_WARN_INFINITE_RECURSION = YES;
				CLANG_WARN_INT_CONVERSION = YES;
				CLANG_WARN_NON_LITERAL_NULL_CONVERSION = YES;
				CLANG_WARN_OBJC_LITERAL_CONVERSION = YES;
				CLANG_WARN_OBJC_ROOT_CLASS = YES_ERROR;
				CLANG_WARN_RANGE_LOOP_ANALYSIS = YES;
				CLANG_WARN_STRICT_PROTOTYPES = YES;
				CLANG_WARN_SUSPICIOUS_MOVE = YES;
				CLANG_WARN_UNGUARDED_AVAILABILITY = YES_AGGRESSIVE;
				CLANG_WARN_UNREACHABLE_CODE = YES;
				CLANG_WARN__DUPLICATE_METHOD_MATCH = YES;
				CODE_SIGN_IDENTITY = "iPhone Developer";
				COPY_PHASE_STRIP = NO;
				DEBUG_INFORMATION_FORMAT = dwarf;
				ENABLE_STRICT_OBJC_MSGSEND = YES;
				ENABLE_TESTABILITY = YES;
				GCC_C_LANGUAGE_STANDARD = gnu11;
				GCC_DYNAMIC_NO_PIC = NO;
				GCC_NO_COMMON_BLOCKS = YES;
				GCC_OPTIMIZATION_LEVEL = 0;
				GCC_PREPROCESSOR_DEFINITIONS = (
					"DEBUG=1",
					"$(inherited)",
				);
				GCC_WARN_64_TO_32_BIT_CONVERSION = YES;
				GCC_WARN_ABOUT_RETURN_TYPE = YES_ERROR;
				GCC_WARN_UNDECLARED_SELECTOR = YES;
				GCC_WARN_UNINITIALIZED_AUTOS = YES_AGGRESSIVE;
				GCC_WARN_UNUSED_FUNCTION = YES;
				GCC_WARN_UNUSED_VARIABLE = YES;
				IPHONEOS_DEPLOYMENT_TARGET = 11.1;
				MTL_ENABLE_DEBUG_INFO = YES;
				ONLY_ACTIVE_ARCH = YES;
				SDKROOT = iphoneos;
				SWIFT_ACTIVE_COMPILATION_CONDITIONS = DEBUG;
				SWIFT_OPTIMIZATION_LEVEL = "-Onone";
			};
			name = Debug;
		};
		2BFCEF041FC3D6C000480578 /* Release */ = {
			isa = XCBuildConfiguration;
			buildSettings = {
				ALWAYS_SEARCH_USER_PATHS = NO;
				CLANG_ANALYZER_NONNULL = YES;
				CLANG_ANALYZER_NUMBER_OBJECT_CONVERSION = YES_AGGRESSIVE;
				CLANG_CXX_LANGUAGE_STANDARD = "gnu++14";
				CLANG_CXX_LIBRARY = "libc++";
				CLANG_ENABLE_MODULES = YES;
				CLANG_ENABLE_OBJC_ARC = YES;
				CLANG_WARN_BLOCK_CAPTURE_AUTORELEASING = YES;
				CLANG_WARN_BOOL_CONVERSION = YES;
				CLANG_WARN_COMMA = YES;
				CLANG_WARN_CONSTANT_CONVERSION = YES;
				CLANG_WARN_DIRECT_OBJC_ISA_USAGE = YES_ERROR;
				CLANG_WARN_DOCUMENTATION_COMMENTS = YES;
				CLANG_WARN_EMPTY_BODY = YES;
				CLANG_WARN_ENUM_CONVERSION = YES;
				CLANG_WARN_INFINITE_RECURSION = YES;
				CLANG_WARN_INT_CONVERSION = YES;
				CLANG_WARN_NON_LITERAL_NULL_CONVERSION = YES;
				CLANG_WARN_OBJC_LITERAL_CONVERSION = YES;
				CLANG_WARN_OBJC_ROOT_CLASS = YES_ERROR;
				CLANG_WARN_RANGE_LOOP_ANALYSIS = YES;
				CLANG_WARN_STRICT_PROTOTYPES = YES;
				CLANG_WARN_SUSPICIOUS_MOVE = YES;
				CLANG_WARN_UNGUARDED_AVAILABILITY = YES_AGGRESSIVE;
				CLANG_WARN_UNREACHABLE_CODE = YES;
				CLANG_WARN__DUPLICATE_METHOD_MATCH = YES;
				CODE_SIGN_IDENTITY = "iPhone Developer";
				COPY_PHASE_STRIP = NO;
				DEBUG_INFORMATION_FORMAT = "dwarf-with-dsym";
				ENABLE_NS_ASSERTIONS = NO;
				ENABLE_STRICT_OBJC_MSGSEND = YES;
				GCC_C_LANGUAGE_STANDARD = gnu11;
				GCC_NO_COMMON_BLOCKS = YES;
				GCC_WARN_64_TO_32_BIT_CONVERSION = YES;
				GCC_WARN_ABOUT_RETURN_TYPE = YES_ERROR;
				GCC_WARN_UNDECLARED_SELECTOR = YES;
				GCC_WARN_UNINITIALIZED_AUTOS = YES_AGGRESSIVE;
				GCC_WARN_UNUSED_FUNCTION = YES;
				GCC_WARN_UNUSED_VARIABLE = YES;
				IPHONEOS_DEPLOYMENT_TARGET = 11.1;
				MTL_ENABLE_DEBUG_INFO = NO;
				SDKROOT = iphoneos;
				SWIFT_OPTIMIZATION_LEVEL = "-Owholemodule";
				VALIDATE_PRODUCT = YES;
			};
			name = Release;
		};
		2BFCEF061FC3D6C000480578 /* Debug */ = {
			isa = XCBuildConfiguration;
			buildSettings = {
				ASSETCATALOG_COMPILER_APPICON_NAME = AppIcon;
				CODE_SIGN_STYLE = Automatic;
				DEVELOPMENT_TEAM = WGNX6V2Q3Q;
				INFOPLIST_FILE = StarWarsPractice/Info.plist;
				LD_RUNPATH_SEARCH_PATHS = "$(inherited) @executable_path/Frameworks";
				PRODUCT_BUNDLE_IDENTIFIER = ssa.StarWarsPractice;
				PRODUCT_NAME = "$(TARGET_NAME)";
				SWIFT_VERSION = 4.0;
				TARGETED_DEVICE_FAMILY = "1,2";
			};
			name = Debug;
		};
		2BFCEF071FC3D6C000480578 /* Release */ = {
			isa = XCBuildConfiguration;
			buildSettings = {
				ASSETCATALOG_COMPILER_APPICON_NAME = AppIcon;
				CODE_SIGN_STYLE = Automatic;
				DEVELOPMENT_TEAM = WGNX6V2Q3Q;
				INFOPLIST_FILE = StarWarsPractice/Info.plist;
				LD_RUNPATH_SEARCH_PATHS = "$(inherited) @executable_path/Frameworks";
				PRODUCT_BUNDLE_IDENTIFIER = ssa.StarWarsPractice;
				PRODUCT_NAME = "$(TARGET_NAME)";
				SWIFT_VERSION = 4.0;
				TARGETED_DEVICE_FAMILY = "1,2";
			};
			name = Release;
		};
		2BFCEF091FC3D6C000480578 /* Debug */ = {
			isa = XCBuildConfiguration;
			buildSettings = {
				ALWAYS_EMBED_SWIFT_STANDARD_LIBRARIES = YES;
				BUNDLE_LOADER = "$(TEST_HOST)";
				CODE_SIGN_STYLE = Automatic;
				INFOPLIST_FILE = StarWarsPracticeTests/Info.plist;
				LD_RUNPATH_SEARCH_PATHS = "$(inherited) @executable_path/Frameworks @loader_path/Frameworks";
				PRODUCT_BUNDLE_IDENTIFIER = ssa.StarWarsPracticeTests;
				PRODUCT_NAME = "$(TARGET_NAME)";
				SWIFT_VERSION = 4.0;
				TARGETED_DEVICE_FAMILY = "1,2";
				TEST_HOST = "$(BUILT_PRODUCTS_DIR)/StarWarsPractice.app/StarWarsPractice";
			};
			name = Debug;
		};
		2BFCEF0A1FC3D6C000480578 /* Release */ = {
			isa = XCBuildConfiguration;
			buildSettings = {
				ALWAYS_EMBED_SWIFT_STANDARD_LIBRARIES = YES;
				BUNDLE_LOADER = "$(TEST_HOST)";
				CODE_SIGN_STYLE = Automatic;
				INFOPLIST_FILE = StarWarsPracticeTests/Info.plist;
				LD_RUNPATH_SEARCH_PATHS = "$(inherited) @executable_path/Frameworks @loader_path/Frameworks";
				PRODUCT_BUNDLE_IDENTIFIER = ssa.StarWarsPracticeTests;
				PRODUCT_NAME = "$(TARGET_NAME)";
				SWIFT_VERSION = 4.0;
				TARGETED_DEVICE_FAMILY = "1,2";
				TEST_HOST = "$(BUILT_PRODUCTS_DIR)/StarWarsPractice.app/StarWarsPractice";
			};
			name = Release;
		};
		2BFCEF0C1FC3D6C000480578 /* Debug */ = {
			isa = XCBuildConfiguration;
			buildSettings = {
				ALWAYS_EMBED_SWIFT_STANDARD_LIBRARIES = YES;
				CODE_SIGN_STYLE = Automatic;
				INFOPLIST_FILE = StarWarsPracticeUITests/Info.plist;
				LD_RUNPATH_SEARCH_PATHS = "$(inherited) @executable_path/Frameworks @loader_path/Frameworks";
				PRODUCT_BUNDLE_IDENTIFIER = ssa.StarWarsPracticeUITests;
				PRODUCT_NAME = "$(TARGET_NAME)";
				SWIFT_VERSION = 4.0;
				TARGETED_DEVICE_FAMILY = "1,2";
				TEST_TARGET_NAME = StarWarsPractice;
			};
			name = Debug;
		};
		2BFCEF0D1FC3D6C000480578 /* Release */ = {
			isa = XCBuildConfiguration;
			buildSettings = {
				ALWAYS_EMBED_SWIFT_STANDARD_LIBRARIES = YES;
				CODE_SIGN_STYLE = Automatic;
				INFOPLIST_FILE = StarWarsPracticeUITests/Info.plist;
				LD_RUNPATH_SEARCH_PATHS = "$(inherited) @executable_path/Frameworks @loader_path/Frameworks";
				PRODUCT_BUNDLE_IDENTIFIER = ssa.StarWarsPracticeUITests;
				PRODUCT_NAME = "$(TARGET_NAME)";
				SWIFT_VERSION = 4.0;
				TARGETED_DEVICE_FAMILY = "1,2";
				TEST_TARGET_NAME = StarWarsPractice;
			};
			name = Release;
		};
/* End XCBuildConfiguration section */

/* Begin XCConfigurationList section */
		2BFCEED81FC3D6C000480578 /* Build configuration list for PBXProject "StarWarsPractice" */ = {
			isa = XCConfigurationList;
			buildConfigurations = (
				2BFCEF031FC3D6C000480578 /* Debug */,
				2BFCEF041FC3D6C000480578 /* Release */,
			);
			defaultConfigurationIsVisible = 0;
			defaultConfigurationName = Release;
		};
		2BFCEF051FC3D6C000480578 /* Build configuration list for PBXNativeTarget "StarWarsPractice" */ = {
			isa = XCConfigurationList;
			buildConfigurations = (
				2BFCEF061FC3D6C000480578 /* Debug */,
				2BFCEF071FC3D6C000480578 /* Release */,
			);
			defaultConfigurationIsVisible = 0;
			defaultConfigurationName = Release;
		};
		2BFCEF081FC3D6C000480578 /* Build configuration list for PBXNativeTarget "StarWarsPracticeTests" */ = {
			isa = XCConfigurationList;
			buildConfigurations = (
				2BFCEF091FC3D6C000480578 /* Debug */,
				2BFCEF0A1FC3D6C000480578 /* Release */,
			);
			defaultConfigurationIsVisible = 0;
			defaultConfigurationName = Release;
		};
		2BFCEF0B1FC3D6C000480578 /* Build configuration list for PBXNativeTarget "StarWarsPracticeUITests" */ = {
			isa = XCConfigurationList;
			buildConfigurations = (
				2BFCEF0C1FC3D6C000480578 /* Debug */,
				2BFCEF0D1FC3D6C000480578 /* Release */,
			);
			defaultConfigurationIsVisible = 0;
			defaultConfigurationName = Release;
		};
/* End XCConfigurationList section */
	};
	rootObject = 2BFCEED51FC3D6C000480578 /* Project object */;
}
